
Microsoft Visual Studio Solution File, Format Version 12.00
# Visual Studio 15
VisualStudioVersion = 15.0.28307.1321
MinimumVisualStudioVersion = 10.0.40219.1
Project("{FAE04EC0-301F-11D3-BF4B-00C04F79EFBC}") = "CustomerApi", "CustomerApi\CustomerApi.csproj", "{59168BE6-69DB-4B89-B53F-042C22CF6212}"
EndProject
Project("{FAE04EC0-301F-11D3-BF4B-00C04F79EFBC}") = "Test", "Test\Test.csproj", "{AFBF709F-522A-45FA-B87E-4F3C0CDD0713}"
EndProject
Global
	GlobalSection(SolutionConfigurationPlatforms) = preSolution
		Debug|Any CPU = Debug|Any CPU
		Release|Any CPU = Release|Any CPU
	EndGlobalSection
	GlobalSection(ProjectConfigurationPlatforms) = postSolution
		{59168BE6-69DB-4B89-B53F-042C22CF6212}.Debug|Any CPU.ActiveCfg = Debug|Any CPU
		{59168BE6-69DB-4B89-B53F-042C22CF6212}.Debug|Any CPU.Build.0 = Debug|Any CPU
		{59168BE6-69DB-4B89-B53F-042C22CF6212}.Release|Any CPU.ActiveCfg = Release|Any CPU
		{59168BE6-69DB-4B89-B53F-042C22CF6212}.Release|Any CPU.Build.0 = Release|Any CPU
		{AFBF709F-522A-45FA-B87E-4F3C0CDD0713}.Debug|Any CPU.ActiveCfg = Debug|Any CPU
		{AFBF709F-522A-45FA-B87E-4F3C0CDD0713}.Debug|Any CPU.Build.0 = Debug|Any CPU
		{AFBF709F-522A-45FA-B87E-4F3C0CDD0713}.Release|Any CPU.ActiveCfg = Release|Any CPU
		{AFBF709F-522A-45FA-B87E-4F3C0CDD0713}.Release|Any CPU.Build.0 = Release|Any CPU
	EndGlobalSection
	GlobalSection(SolutionProperties) = preSolution
		HideSolutionNode = FALSE
	EndGlobalSection
	GlobalSection(ExtensibilityGlobals) = postSolution
		SolutionGuid = {F37EE408-F055-48EB-965B-7352756CA8E6}
	EndGlobalSection
EndGlobal
